#include <stdio.h>
#include <stdlib.h>

int main()
{
    int choice;
    float tax,price,total;
    printf("1-Milkshake - Rs 150\n");
    printf("2-Fresh Juice - Rs 250\n");
    printf("3-Water - Rs 50\n");
    printf("4-Packed Juice - Rs 100\n");
    printf("Enter Your Choice: ");
    scanf("%d",&choice);
    switch(choice){
    case 1:
        price=150;
        printf("Milkshake\n");
        break;
    case 2:
        price=250;
        printf("Fresh Juice\n");
        break;
    case 3:
        price=50;
        printf("Water\n");
        break;
    case 4:
        price=100;
        printf("Packed Juice\n");
        break;
    default:
        printf("Invalid\n");
        return 0;
       }

    tax=price*8/100;
    total=tax+price;
    printf("PRICE = %f\n",price);
    printf("TAX = %f\n",tax);
    printf("TOTAL = %.2f\n",total);

    return 0;
}
